// !$*UTF8*$!
{
	archiveVersion = 1;
	classes = {
	};
	objectVersion = 55;
	objects = {

/* Begin PBXBuildFile section */
		C44698C726EA50F100C14426 /* Tests_iOS.swift in Sources */ = {isa = PBXBuildFile; fileRef = C44698C626EA50F100C14426 /* Tests_iOS.swift */; };
		C44698C926EA50F100C14426 /* Tests_iOSLaunchTests.swift in Sources */ = {isa = PBXBuildFile; fileRef = C44698C826EA50F100C14426 /* Tests_iOSLaunchTests.swift */; };
		C44698D326EA50F100C14426 /* Tests_macOS.swift in Sources */ = {isa = PBXBuildFile; fileRef = C44698D226EA50F100C14426 /* Tests_macOS.swift */; };
		C44698D526EA50F100C14426 /* Tests_macOSLaunchTests.swift in Sources */ = {isa = PBXBuildFile; fileRef = C44698D426EA50F100C14426 /* Tests_macOSLaunchTests.swift */; };
		C44698D626EA50F100C14426 /* PagerTabsApp.swift in Sources */ = {isa = PBXBuildFile; fileRef = C44698B026EA50EF00C14426 /* PagerTabsApp.swift */; };
		C44698D726EA50F100C14426 /* PagerTabsApp.swift in Sources */ = {isa = PBXBuildFile; fileRef = C44698B026EA50EF00C14426 /* PagerTabsApp.swift */; };
		C44698D826EA50F100C14426 /* ContentView.swift in Sources */ = {isa = PBXBuildFile; fileRef = C44698B126EA50EF00C14426 /* ContentView.swift */; };
		C44698D926EA50F100C14426 /* ContentView.swift in Sources */ = {isa = PBXBuildFile; fileRef = C44698B126EA50EF00C14426 /* ContentView.swift */; };
		C44698DA26EA50F100C14426 /* Assets.xcassets in Resources */ = {isa = PBXBuildFile; fileRef = C44698B226EA50F000C14426 /* Assets.xcassets */; };
		C44698DB26EA50F100C14426 /* Assets.xcassets in Resources */ = {isa = PBXBuildFile; fileRef = C44698B226EA50F000C14426 /* Assets.xcassets */; };
/* End PBXBuildFile section */

/* Begin PBXContainerItemProxy section */
		C44698C326EA50F100C14426 /* PBXContainerItemProxy */ = {
			isa = PBXContainerItemProxy;
			containerPortal = C44698AB26EA50EF00C14426 /* Project object */;
			proxyType = 1;
			remoteGlobalIDString = C44698B626EA50F100C14426;
			remoteInfo = "PagerTabs (iOS)";
		};
		C44698CF26EA50F100C14426 /* PBXContainerItemProxy */ = {
			isa = PBXContainerItemProxy;
			containerPortal = C44698AB26EA50EF00C14426 /* Project object */;
			proxyType = 1;
			remoteGlobalIDString = C44698BC26EA50F100C14426;
			remoteInfo = "PagerTabs (macOS)";
		};
/* End PBXContainerItemProxy section */

/* Begin PBXFileReference section */
		C44698B026EA50EF00C14426 /* PagerTabsApp.swift */ = {isa = PBXFileReference; lastKnownFileType = sourcecode.swift; path = PagerTabsApp.swift; sourceTree = "<group>"; };
		C44698B126EA50EF00C14426 /* ContentView.swift */ = {isa = PBXFileReference; lastKnownFileType = sourcecode.swift; path = ContentView.swift; sourceTree = "<group>"; };
		C44698B226EA50F000C14426 /* Assets.xcassets */ = {isa = PBXFileReference; lastKnownFileType = folder.assetcatalog; path = Assets.xcassets; sourceTree = "<group>"; };
		C44698B726EA50F100C14426 /* PagerTabs.app */ = {isa = PBXFileReference; explicitFileType = wrapper.application; includeInIndex = 0; path = PagerTabs.app; sourceTree = BUILT_PRODUCTS_DIR; };
		C44698BD26EA50F100C14426 /* PagerTabs.app */ = {isa = PBXFileReference; explicitFileType = wrapper.application; includeInIndex = 0; path = PagerTabs.app; sourceTree = BUILT_PRODUCTS_DIR; };
		C44698C226EA50F100C14426 /* Tests iOS.xctest */ = {isa = PBXFileReference; explicitFileType = wrapper.cfbundle; includeInIndex = 0; path = "Tests iOS.xctest"; sourceTree = BUILT_PRODUCTS_DIR; };
		C44698C626EA50F100C14426 /* Tests_iOS.swift */ = {isa = PBXFileReference; lastKnownFileType = sourcecode.swift; path = Tests_iOS.swift; sourceTree = "<group>"; };
		C44698C826EA50F100C14426 /* Tests_iOSLaunchTests.swift */ = {isa = PBXFileReference; lastKnownFileType = sourcecode.swift; path = Tests_iOSLaunchTests.swift; sourceTree = "<group>"; };
		C44698CE26EA50F100C14426 /* Tests macOS.xctest */ = {isa = PBXFileReference; explicitFileType = wrapper.cfbundle; includeInIndex = 0; path = "Tests macOS.xctest"; sourceTree = BUILT_PRODUCTS_DIR; };
		C44698D226EA50F100C14426 /* Tests_macOS.swift */ = {isa = PBXFileReference; lastKnownFileType = sourcecode.swift; path = Tests_macOS.swift; sourceTree = "<group>"; };
		C44698D426EA50F100C14426 /* Tests_macOSLaunchTests.swift */ = {isa = PBXFileReference; lastKnownFileType = sourcecode.swift; path = Tests_macOSLaunchTests.swift; sourceTree = "<group>"; };
/* End PBXFileReference section */

/* Begin PBXFrameworksBuildPhase section */
		C44698B426EA50F100C14426 /* Frameworks */ = {
			isa = PBXFrameworksBuildPhase;
			buildActionMask = 2147483647;
			files = (
			);
			runOnlyForDeploymentPostprocessing = 0;
		};
		C44698BA26EA50F100C14426 /* Frameworks */ = {
			isa = PBXFrameworksBuildPhase;
			buildActionMask = 2147483647;
			files = (
			);
			runOnlyForDeploymentPostprocessing = 0;
		};
		C44698BF26EA50F100C14426 /* Frameworks */ = {
			isa = PBXFrameworksBuildPhase;
			buildActionMask = 2147483647;
			files = (
			);
			runOnlyForDeploymentPostprocessing = 0;
		};
		C44698CB26EA50F100C14426 /* Frameworks */ = {
			isa = PBXFrameworksBuildPhase;
			buildActionMask = 2147483647;
			files = (
			);
			runOnlyForDeploymentPostprocessing = 0;
		};
/* End PBXFrameworksBuildPhase section */

/* Begin PBXGroup section */
		C44698AA26EA50EF00C14426 = {
			isa = PBXGroup;
			children = (
				C44698AF26EA50EF00C14426 /* Shared */,
				C44698C526EA50F100C14426 /* Tests iOS */,
				C44698D126EA50F100C14426 /* Tests macOS */,
				C44698B826EA50F100C14426 /* Products */,
			);
			sourceTree = "<group>";
		};
		C44698AF26EA50EF00C14426 /* Shared */ = {
			isa = PBXGroup;
			children = (
				C44698B026EA50EF00C14426 /* PagerTabsApp.swift */,
				C44698B126EA50EF00C14426 /* ContentView.swift */,
				C44698B226EA50F000C14426 /* Assets.xcassets */,
			);
			path = Shared;
			sourceTree = "<group>";
		};
		C44698B826EA50F100C14426 /* Products */ = {
			isa = PBXGroup;
			children = (
				C44698B726EA50F100C14426 /* PagerTabs.app */,
				C44698BD26EA50F100C14426 /* PagerTabs.app */,
				C44698C226EA50F100C14426 /* Tests iOS.xctest */,
				C44698CE26EA50F100C14426 /* Tests macOS.xctest */,
			);
			name = Products;
			sourceTree = "<group>";
		};
		C44698C526EA50F100C14426 /* Tests iOS */ = {
			isa = PBXGroup;
			children = (
				C44698C626EA50F100C14426 /* Tests_iOS.swift */,
				C44698C826EA50F100C14426 /* Tests_iOSLaunchTests.swift */,
			);
			path = "Tests iOS";
			sourceTree = "<group>";
		};
		C44698D126EA50F100C14426 /* Tests macOS */ = {
			isa = PBXGroup;
			children = (
				C44698D226EA50F100C14426 /* Tests_macOS.swift */,
				C44698D426EA50F100C14426 /* Tests_macOSLaunchTests.swift */,
			);
			path = "Tests macOS";
			sourceTree = "<group>";
		};
/* End PBXGroup section */

/* Begin PBXNativeTarget section */
		C44698B626EA50F100C14426 /* PagerTabs (iOS) */ = {
			isa = PBXNativeTarget;
			buildConfigurationList = C44698DE26EA50F100C14426 /* Build configuration list for PBXNativeTarget "PagerTabs (iOS)" */;
			buildPhases = (
				C44698B326EA50F100C14426 /* Sources */,
				C44698B426EA50F100C14426 /* Frameworks */,
				C44698B526EA50F100C14426 /* Resources */,
			);
			buildRules = (
			);
			dependencies = (
			);
			name = "PagerTabs (iOS)";
			productName = "PagerTabs (iOS)";
			productReference = C44698B726EA50F100C14426 /* PagerTabs.app */;
			productType = "com.apple.product-type.application";
		};
		C44698BC26EA50F100C14426 /* PagerTabs (macOS) */ = {
			isa = PBXNativeTarget;
			buildConfigurationList = C44698E126EA50F100C14426 /* Build configuration list for PBXNativeTarget "PagerTabs (macOS)" */;
			buildPhases = (
				C44698B926EA50F100C14426 /* Sources */,
				C44698BA26EA50F100C14426 /* Frameworks */,
				C44698BB26EA50F100C14426 /* Resources */,
			);
			buildRules = (
			);
			dependencies = (
			);
			name = "PagerTabs (macOS)";
			productName = "PagerTabs (macOS)";
			productReference = C44698BD26EA50F100C14426 /* PagerTabs.app */;
			productType = "com.apple.product-type.application";
		};
		C44698C126EA50F100C14426 /* Tests iOS */ = {
			isa = PBXNativeTarget;
			buildConfigurationList = C44698E426EA50F100C14426 /* Build configuration list for PBXNativeTarget "Tests iOS" */;
			buildPhases = (
				C44698BE26EA50F100C14426 /* Sources */,
				C44698BF26EA50F100C14426 /* Frameworks */,
				C44698C026EA50F100C14426 /* Resources */,
			);
			buildRules = (
			);
			dependencies = (
				C44698C426EA50F100C14426 /* PBXTargetDependency */,
			);
			name = "Tests iOS";
			productName = "Tests iOS";
			productReference = C44698C226EA50F100C14426 /* Tests iOS.xctest */;
			productType = "com.apple.product-type.bundle.ui-testing";
		};
		C44698CD26EA50F100C14426 /* Tests macOS */ = {
			isa = PBXNativeTarget;
			buildConfigurationList = C44698E726EA50F100C14426 /* Build configuration list for PBXNativeTarget "Tests macOS" */;
			buildPhases = (
				C44698CA26EA50F100C14426 /* Sources */,
				C44698CB26EA50F100C14426 /* Frameworks */,
				C44698CC26EA50F100C14426 /* Resources */,
			);
			buildRules = (
			);
			dependencies = (
				C44698D026EA50F100C14426 /* PBXTargetDependency */,
			);
			name = "Tests macOS";
			productName = "Tests macOS";
			productReference = C44698CE26EA50F100C14426 /* Tests macOS.xctest */;
			productType = "com.apple.product-type.bundle.ui-testing";
		};
/* End PBXNativeTarget section */

/* Begin PBXProject section */
		C44698AB26EA50EF00C14426 /* Project object */ = {
			isa = PBXProject;
			attributes = {
				BuildIndependentTargetsInParallel = 1;
				LastSwiftUpdateCheck = 1300;
				LastUpgradeCheck = 1300;
				TargetAttributes = {
					C44698B626EA50F100C14426 = {
						CreatedOnToolsVersion = 13.0;
					};
					C44698BC26EA50F100C14426 = {
						CreatedOnToolsVersion = 13.0;
					};
					C44698C126EA50F100C14426 = {
						CreatedOnToolsVersion = 13.0;
						TestTargetID = C44698B626EA50F100C14426;
					};
					C44698CD26EA50F100C14426 = {
						CreatedOnToolsVersion = 13.0;
						TestTargetID = C44698BC26EA50F100C14426;
					};
				};
			};
			buildConfigurationList = C44698AE26EA50EF00C14426 /* Build configuration list for PBXProject "PagerTabs" */;
			compatibilityVersion = "Xcode 13.0";
			developmentRegion = en;
			hasScannedForEncodings = 0;
			knownRegions = (
				en,
				Base,
			);
			mainGroup = C44698AA26EA50EF00C14426;
			productRefGroup = C44698B826EA50F100C14426 /* Products */;
			projectDirPath = "";
			projectRoot = "";
			targets = (
				C44698B626EA50F100C14426 /* PagerTabs (iOS) */,
				C44698BC26EA50F100C14426 /* PagerTabs (macOS) */,
				C44698C126EA50F100C14426 /* Tests iOS */,
				C44698CD26EA50F100C14426 /* Tests macOS */,
			);
		};
/* End PBXProject section */

/* Begin PBXResourcesBuildPhase section */
		C44698B526EA50F100C14426 /* Resources */ = {
			isa = PBXResourcesBuildPhase;
			buildActionMask = 2147483647;
			files = (
				C44698DA26EA50F100C14426 /* Assets.xcassets in Resources */,
			);
			runOnlyForDeploymentPostprocessing = 0;
		};
		C44698BB26EA50F100C14426 /* Resources */ = {
			isa = PBXResourcesBuildPhase;
			buildActionMask = 2147483647;
			files = (
				C44698DB26EA50F100C14426 /* Assets.xcassets in Resources */,
			);
			runOnlyForDeploymentPostprocessing = 0;
		};
		C44698C026EA50F100C14426 /* Resources */ = {
			isa = PBXResourcesBuildPhase;
			buildActionMask = 2147483647;
			files = (
			);
			runOnlyForDeploymentPostprocessing = 0;
		};
		C44698CC26EA50F100C14426 /* Resources */ = {
			isa = PBXResourcesBuildPhase;
			buildActionMask = 2147483647;
			files = (
			);
			runOnlyForDeploymentPostprocessing = 0;
		};
/* End PBXResourcesBuildPhase section */

/* Begin PBXSourcesBuildPhase section */
		C44698B326EA50F100C14426 /* Sources */ = {
			isa = PBXSourcesBuildPhase;
			buildActionMask = 2147483647;
			files = (
				C44698D826EA50F100C14426 /* ContentView.swift in Sources */,
				C44698D626EA50F100C14426 /* PagerTabsApp.swift in Sources */,
			);
			runOnlyForDeploymentPostprocessing = 0;
		};
		C44698B926EA50F100C14426 /* Sources */ = {
			isa = PBXSourcesBuildPhase;
			buildActionMask = 2147483647;
			files = (
				C44698D926EA50F100C14426 /* ContentView.swift in Sources */,
				C44698D726EA50F100C14426 /* PagerTabsApp.swift in Sources */,
			);
			runOnlyForDeploymentPostprocessing = 0;
		};
		C44698BE26EA50F100C14426 /* Sources */ = {
			isa = PBXSourcesBuildPhase;
			buildActionMask = 2147483647;
			files = (
				C44698C926EA50F100C14426 /* Tests_iOSLaunchTests.swift in Sources */,
				C44698C726EA50F100C14426 /* Tests_iOS.swift in Sources */,
			);
			runOnlyForDeploymentPostprocessing = 0;
		};
		C44698CA26EA50F100C14426 /* Sources */ = {
			isa = PBXSourcesBuildPhase;
			buildActionMask = 2147483647;
			files = (
				C44698D526EA50F100C14426 /* Tests_macOSLaunchTests.swift in Sources */,
				C44698D326EA50F100C14426 /* Tests_macOS.swift in Sources */,
			);
			runOnlyForDeploymentPostprocessing = 0;
		};
/* End PBXSourcesBuildPhase section */

/* Begin PBXTargetDependency section */
		C44698C426EA50F100C14426 /* PBXTargetDependency */ = {
			isa = PBXTargetDependency;
			target = C44698B626EA50F100C14426 /* PagerTabs (iOS) */;
			targetProxy = C44698C326EA50F100C14426 /* PBXContainerItemProxy */;
		};
		C44698D026EA50F100C14426 /* PBXTargetDependency */ = {
			isa = PBXTargetDependency;
			target = C44698BC26EA50F100C14426 /* PagerTabs (macOS) */;
			targetProxy = C44698CF26EA50F100C14426 /* PBXContainerItemProxy */;
		};
/* End PBXTargetDependency section */

/* Begin XCBuildConfiguration section */
		C44698DC26EA50F100C14426 /* Debug */ = {
			isa = XCBuildConfiguration;
			buildSettings = {
				ALWAYS_SEARCH_USER_PATHS = NO;
				CLANG_ANALYZER_NONNULL = YES;
				CLANG_ANALYZER_NUMBER_OBJECT_CONVERSION = YES_AGGRESSIVE;
				CLANG_CXX_LANGUAGE_STANDARD = "gnu++17";
				CLANG_CXX_LIBRARY = "libc++";
				CLANG_ENABLE_MODULES = YES;
				CLANG_ENABLE_OBJC_ARC = YES;
				CLANG_ENABLE_OBJC_WEAK = YES;
				CLANG_WARN_BLOCK_CAPTURE_AUTORELEASING = YES;
				CLANG_WARN_BOOL_CONVERSION = YES;
				CLANG_WARN_COMMA = YES;
				CLANG_WARN_CONSTANT_CONVERSION = YES;
				CLANG_WARN_DEPRECATED_OBJC_IMPLEMENTATIONS = YES;
				CLANG_WARN_DIRECT_OBJC_ISA_USAGE = YES_ERROR;
				CLANG_WARN_DOCUMENTATION_COMMENTS = YES;
				CLANG_WARN_EMPTY_BODY = YES;
				CLANG_WARN_ENUM_CONVERSION = YES;
				CLANG_WARN_INFINITE_RECURSION = YES;
				CLANG_WARN_INT_CONVERSION = YES;
				CLANG_WARN_NON_LITERAL_NULL_CONVERSION = YES;
				CLANG_WARN_OBJC_IMPLICIT_RETAIN_SELF = YES;
				CLANG_WARN_OBJC_LITERAL_CONVERSION = YES;
				CLANG_WARN_OBJC_ROOT_CLASS = YES_ERROR;
				CLANG_WARN_QUOTED_INCLUDE_IN_FRAMEWORK_HEADER = YES;
				CLANG_WARN_RANGE_LOOP_ANALYSIS = YES;
				CLANG_WARN_STRICT_PROTOTYPES = YES;
				CLANG_WARN_SUSPICIOUS_MOVE = YES;
				CLANG_WARN_UNGUARDED_AVAILABILITY = YES_AGGRESSIVE;
				CLANG_WARN_UNREACHABLE_CODE = YES;
				CLANG_WARN__DUPLICATE_METHOD_MATCH = YES;
				COPY_PHASE_STRIP = NO;
				DEBUG_INFORMATION_FORMAT = dwarf;
				ENABLE_STRICT_OBJC_MSGSEND = YES;
				ENABLE_TESTABILITY = YES;
				GCC_C_LANGUAGE_STANDARD = gnu11;
				GCC_DYNAMIC_NO_PIC = NO;
				GCC_NO_COMMON_BLOCKS = YES;
				GCC_OPTIMIZATION_LEVEL = 0;
				GCC_PREPROCESSOR_DEFINITIONS = (
					"DEBUG=1",
					"$(inherited)",
				);
				GCC_WARN_64_TO_32_BIT_CONVERSION = YES;
				GCC_WARN_ABOUT_RETURN_TYPE = YES_ERROR;
				GCC_WARN_UNDECLARED_SELECTOR = YES;
				GCC_WARN_UNINITIALIZED_AUTOS = YES_AGGRESSIVE;
				GCC_WARN_UNUSED_FUNCTION = YES;
				GCC_WARN_UNUSED_VARIABLE = YES;
				MTL_ENABLE_DEBUG_INFO = INCLUDE_SOURCE;
				MTL_FAST_MATH = YES;
				ONLY_ACTIVE_ARCH = YES;
				SWIFT_ACTIVE_COMPILATION_CONDITIONS = DEBUG;
				SWIFT_OPTIMIZATION_LEVEL = "-Onone";
			};
			name = Debug;
		};
		C44698DD26EA50F100C14426 /* Release */ = {
			isa = XCBuildConfiguration;
			buildSettings = {
				ALWAYS_SEARCH_USER_PATHS = NO;
				CLANG_ANALYZER_NONNULL = YES;
				CLANG_ANALYZER_NUMBER_OBJECT_CONVERSION = YES_AGGRESSIVE;
				CLANG_CXX_LANGUAGE_STANDARD = "gnu++17";
				CLANG_CXX_LIBRARY = "libc++";
				CLANG_ENABLE_MODULES = YES;
				CLANG_ENABLE_OBJC_ARC = YES;
				CLANG_ENABLE_OBJC_WEAK = YES;
				CLANG_WARN_BLOCK_CAPTURE_AUTORELEASING = YES;
				CLANG_WARN_BOOL_CONVERSION = YES;
				CLANG_WARN_COMMA = YES;
				CLANG_WARN_CONSTANT_CONVERSION = YES;
				CLANG_WARN_DEPRECATED_OBJC_IMPLEMENTATIONS = YES;
				CLANG_WARN_DIRECT_OBJC_ISA_USAGE = YES_ERROR;
				CLANG_WARN_DOCUMENTATION_COMMENTS = YES;
				CLANG_WARN_EMPTY_BODY = YES;
				CLANG_WARN_ENUM_CONVERSION = YES;
				CLANG_WARN_INFINITE_RECURSION = YES;
				CLANG_WARN_INT_CONVERSION = YES;
				CLANG_WARN_NON_LITERAL_NULL_CONVERSION = YES;
				CLANG_WARN_OBJC_IMPLICIT_RETAIN_SELF = YES;
				CLANG_WARN_OBJC_LITERAL_CONVERSION = YES;
				CLANG_WARN_OBJC_ROOT_CLASS = YES_ERROR;
				CLANG_WARN_QUOTED_INCLUDE_IN_FRAMEWORK_HEADER = YES;
				CLANG_WARN_RANGE_LOOP_ANALYSIS = YES;
				CLANG_WARN_STRICT_PROTOTYPES = YES;
				CLANG_WARN_SUSPICIOUS_MOVE = YES;
				CLANG_WARN_UNGUARDED_AVAILABILITY = YES_AGGRESSIVE;
				CLANG_WARN_UNREACHABLE_CODE = YES;
				CLANG_WARN__DUPLICATE_METHOD_MATCH = YES;
				COPY_PHASE_STRIP = NO;
				DEBUG_INFORMATION_FORMAT = "dwarf-with-dsym";
				ENABLE_NS_ASSERTIONS = NO;
				ENABLE_STRICT_OBJC_MSGSEND = YES;
				GCC_C_LANGUAGE_STANDARD = gnu11;
				GCC_NO_COMMON_BLOCKS = YES;
				GCC_WARN_64_TO_32_BIT_CONVERSION = YES;
				GCC_WARN_ABOUT_RETURN_TYPE = YES_ERROR;
				GCC_WARN_UNDECLARED_SELECTOR = YES;
				GCC_WARN_UNINITIALIZED_AUTOS = YES_AGGRESSIVE;
				GCC_WARN_UNUSED_FUNCTION = YES;
				GCC_WARN_UNUSED_VARIABLE = YES;
				MTL_ENABLE_DEBUG_INFO = NO;
				MTL_FAST_MATH = YES;
				SWIFT_COMPILATION_MODE = wholemodule;
				SWIFT_OPTIMIZATION_LEVEL = "-O";
			};
			name = Release;
		};
		C44698DF26EA50F100C14426 /* Debug */ = {
			isa = XCBuildConfiguration;
			buildSettings = {
				ASSETCATALOG_COMPILER_APPICON_NAME = AppIcon;
				ASSETCATALOG_COMPILER_GLOBAL_ACCENT_COLOR_NAME = AccentColor;
				CODE_SIGN_STYLE = Automatic;
				CURRENT_PROJECT_VERSION = 1;
				DEVELOPMENT_TEAM = G7DSPSWXXC;
				ENABLE_PREVIEWS = YES;
				GENERATE_INFOPLIST_FILE = YES;
				INFOPLIST_KEY_UIApplicationSceneManifest_Generation = YES;
				INFOPLIST_KEY_UIApplicationSupportsIndirectInputEvents = YES;
				INFOPLIST_KEY_UILaunchScreen_Generation = YES;
				INFOPLIST_KEY_UISupportedInterfaceOrientations_iPad = "UIInterfaceOrientationPortrait UIInterfaceOrientationPortraitUpsideDown UIInterfaceOrientationLandscapeLeft UIInterfaceOrientationLandscapeRight";
				INFOPLIST_KEY_UISupportedInterfaceOrientations_iPhone = "UIInterfaceOrientationPortrait UIInterfaceOrientationLandscapeLeft UIInterfaceOrientationLandscapeRight";
				IPHONEOS_DEPLOYMENT_TARGET = 14.0;
				LD_RUNPATH_SEARCH_PATHS = (
					"$(inherited)",
					"@executable_path/Frameworks",
				);
				MARKETING_VERSION = 1.0;
				PRODUCT_BUNDLE_IDENTIFIER = com.MicheleManniello.PagerTabs;
				PRODUCT_NAME = PagerTabs;
				SDKROOT = iphoneos;
				SWIFT_EMIT_LOC_STRINGS = YES;
				SWIFT_VERSION = 5.0;
				TARGETED_DEVICE_FAMILY = "1,2";
			};
			name = Debug;
		};
		C44698E026EA50F100C14426 /* Release */ = {
			isa = XCBuildConfiguration;
			buildSettings = {
				ASSETCATALOG_COMPILER_APPICON_NAME = AppIcon;
				ASSETCATALOG_COMPILER_GLOBAL_ACCENT_COLOR_NAME = AccentColor;
				CODE_SIGN_STYLE = Automatic;
				CURRENT_PROJECT_VERSION = 1;
				DEVELOPMENT_TEAM = G7DSPSWXXC;
				ENABLE_PREVIEWS = YES;
				GENERATE_INFOPLIST_FILE = YES;
				INFOPLIST_KEY_UIApplicationSceneManifest_Generation = YES;
				INFOPLIST_KEY_UIApplicationSupportsIndirectInputEvents = YES;
				INFOPLIST_KEY_UILaunchScreen_Generation = YES;
				INFOPLIST_KEY_UISupportedInterfaceOrientations_iPad = "UIInterfaceOrientationPortrait UIInterfaceOrientationPortraitUpsideDown UIInterfaceOrientationLandscapeLeft UIInterfaceOrientationLandscapeRight";
				INFOPLIST_KEY_UISupportedInterfaceOrientations_iPhone = "UIInterfaceOrientationPortrait UIInterfaceOrientationLandscapeLeft UIInterfaceOrientationLandscapeRight";
				IPHONEOS_DEPLOYMENT_TARGET = 14.0;
				LD_RUNPATH_SEARCH_PATHS = (
					"$(inherited)",
					"@executable_path/Frameworks",
				);
				MARKETING_VERSION = 1.0;
				PRODUCT_BUNDLE_IDENTIFIER = com.MicheleManniello.PagerTabs;
				PRODUCT_NAME = PagerTabs;
				SDKROOT = iphoneos;
				SWIFT_EMIT_LOC_STRINGS = YES;
				SWIFT_VERSION = 5.0;
				TARGETED_DEVICE_FAMILY = "1,2";
				VALIDATE_PRODUCT = YES;
			};
			name = Release;
		};
		C44698E226EA50F100C14426 /* Debug */ = {
			isa = XCBuildConfiguration;
			buildSettings = {
				ASSETCATALOG_COMPILER_APPICON_NAME = AppIcon;
				ASSETCATALOG_COMPILER_GLOBAL_ACCENT_COLOR_NAME = AccentColor;
				CODE_SIGN_STYLE = Automatic;
				COMBINE_HIDPI_IMAGES = YES;
				CURRENT_PROJECT_VERSION = 1;
				DEVELOPMENT_TEAM = G7DSPSWXXC;
				ENABLE_APP_SANDBOX = YES;
				ENABLE_HARDENED_RUNTIME = YES;
				ENABLE_PREVIEWS = YES;
				ENABLE_USER_SELECTED_FILES = readonly;
				GENERATE_INFOPLIST_FILE = YES;
				INFOPLIST_KEY_NSHumanReadableCopyright = "";
				LD_RUNPATH_SEARCH_PATHS = (
					"$(inherited)",
					"@executable_path/../Frameworks",
				);
				MACOSX_DEPLOYMENT_TARGET = 11.0;
				MARKETING_VERSION = 1.0;
				PRODUCT_BUNDLE_IDENTIFIER = com.MicheleManniello.PagerTabs;
				PRODUCT_NAME = PagerTabs;
				SDKROOT = macosx;
				SWIFT_EMIT_LOC_STRINGS = YES;
				SWIFT_VERSION = 5.0;
			};
			name = Debug;
		};
		C44698E326EA50F100C14426 /* Release */ = {
			isa = XCBuildConfiguration;
			buildSettings = {
				ASSETCATALOG_COMPILER_APPICON_NAME = AppIcon;
				ASSETCATALOG_COMPILER_GLOBAL_ACCENT_COLOR_NAME = AccentColor;
				CODE_SIGN_STYLE = Automatic;
				COMBINE_HIDPI_IMAGES = YES;
				CURRENT_PROJECT_VERSION = 1;
				DEVELOPMENT_TEAM = G7DSPSWXXC;
				ENABLE_APP_SANDBOX = YES;
				ENABLE_HARDENED_RUNTIME = YES;
				ENABLE_PREVIEWS = YES;
				ENABLE_USER_SELECTED_FILES = readonly;
				GENERATE_INFOPLIST_FILE = YES;
				INFOPLIST_KEY_NSHumanReadableCopyright = "";
				LD_RUNPATH_SEARCH_PATHS = (
					"$(inherited)",
					"@executable_path/../Frameworks",
				);
				MACOSX_DEPLOYMENT_TARGET = 11.0;
				MARKETING_VERSION = 1.0;
				PRODUCT_BUNDLE_IDENTIFIER = com.MicheleManniello.PagerTabs;
				PRODUCT_NAME = PagerTabs;
				SDKROOT = macosx;
				SWIFT_EMIT_LOC_STRINGS = YES;
				SWIFT_VERSION = 5.0;
			};
			name = Release;
		};
		C44698E526EA50F100C14426 /* Debug */ = {
			isa = XCBuildConfiguration;
			buildSettings = {
				ALWAYS_EMBED_SWIFT_STANDARD_LIBRARIES = YES;
				CODE_SIGN_STYLE = Automatic;
				CURRENT_PROJECT_VERSION = 1;
				DEVELOPMENT_TEAM = G7DSPSWXXC;
				GENERATE_INFOPLIST_FILE = YES;
				IPHONEOS_DEPLOYMENT_TARGET = 15.0;
				LD_RUNPATH_SEARCH_PATHS = (
					"$(inherited)",
					"@executable_path/Frameworks",
					"@loader_path/Frameworks",
				);
				MARKETING_VERSION = 1.0;
				PRODUCT_BUNDLE_IDENTIFIER = "com.MicheleManniello.Tests-iOS";
				PRODUCT_NAME = "$(TARGET_NAME)";
				SDKROOT = iphoneos;
				SWIFT_EMIT_LOC_STRINGS = NO;
				SWIFT_VERSION = 5.0;
				TARGETED_DEVICE_FAMILY = "1,2";
				TEST_TARGET_NAME = "PagerTabs (iOS)";
			};
			name = Debug;
		};
		C44698E626EA50F100C14426 /* Release */ = {
			isa = XCBuildConfiguration;
			buildSettings = {
				ALWAYS_EMBED_SWIFT_STANDARD_LIBRARIES = YES;
				CODE_SIGN_STYLE = Automatic;
				CURRENT_PROJECT_VERSION = 1;
				DEVELOPMENT_TEAM = G7DSPSWXXC;
				GENERATE_INFOPLIST_FILE = YES;
				IPHONEOS_DEPLOYMENT_TARGET = 15.0;
				LD_RUNPATH_SEARCH_PATHS = (
					"$(inherited)",
					"@executable_path/Frameworks",
					"@loader_path/Frameworks",
				);
				MARKETING_VERSION = 1.0;
				PRODUCT_BUNDLE_IDENTIFIER = "com.MicheleManniello.Tests-iOS";
				PRODUCT_NAME = "$(TARGET_NAME)";
				SDKROOT = iphoneos;
				SWIFT_EMIT_LOC_STRINGS = NO;
				SWIFT_VERSION = 5.0;
				TARGETED_DEVICE_FAMILY = "1,2";
				TEST_TARGET_NAME = "PagerTabs (iOS)";
				VALIDATE_PRODUCT = YES;
			};
			name = Release;
		};
		C44698E826EA50F100C14426 /* Debug */ = {
			isa = XCBuildConfiguration;
			buildSettings = {
				ALWAYS_EMBED_SWIFT_STANDARD_LIBRARIES = YES;
				CODE_SIGN_STYLE = Automatic;
				COMBINE_HIDPI_IMAGES = YES;
				CURRENT_PROJECT_VERSION = 1;
				DEVELOPMENT_TEAM = G7DSPSWXXC;
				GENERATE_INFOPLIST_FILE = YES;
				LD_RUNPATH_SEARCH_PATHS = (
					"$(inherited)",
					"@executable_path/../Frameworks",
					"@loader_path/../Frameworks",
				);
				MACOSX_DEPLOYMENT_TARGET = 11.5;
				MARKETING_VERSION = 1.0;
				PRODUCT_BUNDLE_IDENTIFIER = "com.MicheleManniello.Tests-macOS";
				PRODUCT_NAME = "$(TARGET_NAME)";
				SDKROOT = macosx;
				SWIFT_EMIT_LOC_STRINGS = NO;
				SWIFT_VERSION = 5.0;
				TEST_TARGET_NAME = "PagerTabs (macOS)";
			};
			name = Debug;
		};
		C44698E926EA50F100C14426 /* Release */ = {
			isa = XCBuildConfiguration;
			buildSettings = {
				ALWAYS_EMBED_SWIFT_STANDARD_LIBRARIES = YES;
				CODE_SIGN_STYLE = Automatic;
				COMBINE_HIDPI_IMAGES = YES;
				CURRENT_PROJECT_VERSION = 1;
				DEVELOPMENT_TEAM = G7DSPSWXXC;
				GENERATE_INFOPLIST_FILE = YES;
				LD_RUNPATH_SEARCH_PATHS = (
					"$(inherited)",
					"@executable_path/../Frameworks",
					"@loader_path/../Frameworks",
				);
				MACOSX_DEPLOYMENT_TARGET = 11.5;
				MARKETING_VERSION = 1.0;
				PRODUCT_BUNDLE_IDENTIFIER = "com.MicheleManniello.Tests-macOS";
				PRODUCT_NAME = "$(TARGET_NAME)";
				SDKROOT = macosx;
				SWIFT_EMIT_LOC_STRINGS = NO;
				SWIFT_VERSION = 5.0;
				TEST_TARGET_NAME = "PagerTabs (macOS)";
			};
			name = Release;
		};
/* End XCBuildConfiguration section */

/* Begin XCConfigurationList section */
		C44698AE26EA50EF00C14426 /* Build configuration list for PBXProject "PagerTabs" */ = {
			isa = XCConfigurationList;
			buildConfigurations = (
				C44698DC26EA50F100C14426 /* Debug */,
				C44698DD26EA50F100C14426 /* Release */,
			);
			defaultConfigurationIsVisible = 0;
			defaultConfigurationName = Release;
		};
		C44698DE26EA50F100C14426 /* Build configuration list for PBXNativeTarget "PagerTabs (iOS)" */ = {
			isa = XCConfigurationList;
			buildConfigurations = (
				C44698DF26EA50F100C14426 /* Debug */,
				C44698E026EA50F100C14426 /* Release */,
			);
			defaultConfigurationIsVisible = 0;
			defaultConfigurationName = Release;
		};
		C44698E126EA50F100C14426 /* Build configuration list for PBXNativeTarget "PagerTabs (macOS)" */ = {
			isa = XCConfigurationList;
			buildConfigurations = (
				C44698E226EA50F100C14426 /* Debug */,
				C44698E326EA50F100C14426 /* Release */,
			);
			defaultConfigurationIsVisible = 0;
			defaultConfigurationName = Release;
		};
		C44698E426EA50F100C14426 /* Build configuration list for PBXNativeTarget "Tests iOS" */ = {
			isa = XCConfigurationList;
			buildConfigurations = (
				C44698E526EA50F100C14426 /* Debug */,
				C44698E626EA50F100C14426 /* Release */,
			);
			defaultConfigurationIsVisible = 0;
			defaultConfigurationName = Release;
		};
		C44698E726EA50F100C14426 /* Build configuration list for PBXNativeTarget "Tests macOS" */ = {
			isa = XCConfigurationList;
			buildConfigurations = (
				C44698E826EA50F100C14426 /* Debug */,
				C44698E926EA50F100C14426 /* Release */,
			);
			defaultConfigurationIsVisible = 0;
			defaultConfigurationName = Release;
		};
/* End XCConfigurationList section */
	};
	rootObject = C44698AB26EA50EF00C14426 /* Project object */;
}
